
Microsoft Visual Studio Solution File, Format Version 12.00
Project("{FAE04EC0-301F-11D3-BF4B-00C04F79EFBC}") = "Taluva", "Taluva\Taluva.csproj", "{0F63E8F2-889A-4D9E-881A-F9BE71290B12}"
EndProject
Global
	GlobalSection(SolutionConfigurationPlatforms) = preSolution
		Debug|Any CPU = Debug|Any CPU
		Release|Any CPU = Release|Any CPU
	EndGlobalSection
	GlobalSection(ProjectConfigurationPlatforms) = postSolution
		{0F63E8F2-889A-4D9E-881A-F9BE71290B12}.Debug|Any CPU.ActiveCfg = Debug|Any CPU
		{0F63E8F2-889A-4D9E-881A-F9BE71290B12}.Debug|Any CPU.Build.0 = Debug|Any CPU
		{0F63E8F2-889A-4D9E-881A-F9BE71290B12}.Release|Any CPU.ActiveCfg = Release|Any CPU
		{0F63E8F2-889A-4D9E-881A-F9BE71290B12}.Release|Any CPU.Build.0 = Release|Any CPU
	EndGlobalSection
EndGlobal
